
Microsoft Visual Studio Solution File, Format Version 12.00
# Visual Studio Version 17
VisualStudioVersion = 17.3.32825.248
MinimumVisualStudioVersion = 10.0.40219.1
Project("{FAE04EC0-301F-11D3-BF4B-00C04F79EFBC}") = "OddOrEvenNumber", "OddOrEvenNumber\OddOrEvenNumber.csproj", "{B1D66987-528F-48A5-B168-0473E77EF9A4}"
EndProject
Global
	GlobalSection(SolutionConfigurationPlatforms) = preSolution
		Debug|Any CPU = Debug|Any CPU
		Release|Any CPU = Release|Any CPU
	EndGlobalSection
	GlobalSection(ProjectConfigurationPlatforms) = postSolution
		{B1D66987-528F-48A5-B168-0473E77EF9A4}.Debug|Any CPU.ActiveCfg = Debug|Any CPU
		{B1D66987-528F-48A5-B168-0473E77EF9A4}.Debug|Any CPU.Build.0 = Debug|Any CPU
		{B1D66987-528F-48A5-B168-0473E77EF9A4}.Release|Any CPU.ActiveCfg = Release|Any CPU
		{B1D66987-528F-48A5-B168-0473E77EF9A4}.Release|Any CPU.Build.0 = Release|Any CPU
	EndGlobalSection
	GlobalSection(SolutionProperties) = preSolution
		HideSolutionNode = FALSE
	EndGlobalSection
	GlobalSection(ExtensibilityGlobals) = postSolution
		SolutionGuid = {216A83A7-EEB4-4F89-A46E-1EC2A6D27AF3}
	EndGlobalSection
EndGlobal
